// !$*UTF8*$!
{
	archiveVersion = 1;
	classes = {
	};
	objectVersion = 55;
	objects = {

/* Begin PBXBuildFile section */
		70EEE28B28B644FC0045E95C /* AppDelegate.swift in Sources */ = {isa = PBXBuildFile; fileRef = 70EEE28A28B644FC0045E95C /* AppDelegate.swift */; };
		70EEE28D28B644FC0045E95C /* SceneDelegate.swift in Sources */ = {isa = PBXBuildFile; fileRef = 70EEE28C28B644FC0045E95C /* SceneDelegate.swift */; };
		70EEE28F28B644FC0045E95C /* ViewController.swift in Sources */ = {isa = PBXBuildFile; fileRef = 70EEE28E28B644FC0045E95C /* ViewController.swift */; };
		70EEE29228B644FC0045E95C /* Main.storyboard in Resources */ = {isa = PBXBuildFile; fileRef = 70EEE29028B644FC0045E95C /* Main.storyboard */; };
		70EEE29428B644FE0045E95C /* Assets.xcassets in Resources */ = {isa = PBXBuildFile; fileRef = 70EEE29328B644FE0045E95C /* Assets.xcassets */; };
		70EEE29728B644FE0045E95C /* LaunchScreen.storyboard in Resources */ = {isa = PBXBuildFile; fileRef = 70EEE29528B644FE0045E95C /* LaunchScreen.storyboard */; };
		70EEE2A728B646520045E95C /* 2.jpg in Resources */ = {isa = PBXBuildFile; fileRef = 70EEE29F28B646510045E95C /* 2.jpg */; };
		70EEE2A828B646520045E95C /* 3.jpg in Resources */ = {isa = PBXBuildFile; fileRef = 70EEE2A028B646520045E95C /* 3.jpg */; };
		70EEE2A928B646520045E95C /* 1.jpg in Resources */ = {isa = PBXBuildFile; fileRef = 70EEE2A128B646520045E95C /* 1.jpg */; };
		70EEE2AA28B646520045E95C /* 6.jpg in Resources */ = {isa = PBXBuildFile; fileRef = 70EEE2A228B646520045E95C /* 6.jpg */; };
		70EEE2AB28B646520045E95C /* 7.jpg in Resources */ = {isa = PBXBuildFile; fileRef = 70EEE2A328B646520045E95C /* 7.jpg */; };
		70EEE2AC28B646520045E95C /* 8.jpg in Resources */ = {isa = PBXBuildFile; fileRef = 70EEE2A428B646520045E95C /* 8.jpg */; };
		70EEE2AD28B646520045E95C /* 9.jpg in Resources */ = {isa = PBXBuildFile; fileRef = 70EEE2A528B646520045E95C /* 9.jpg */; };
		70EEE2AE28B646520045E95C /* 10.jpg in Resources */ = {isa = PBXBuildFile; fileRef = 70EEE2A628B646520045E95C /* 10.jpg */; };
/* End PBXBuildFile section */

/* Begin PBXFileReference section */
		70EEE28728B644FC0045E95C /* PageControl.app */ = {isa = PBXFileReference; explicitFileType = wrapper.application; includeInIndex = 0; path = PageControl.app; sourceTree = BUILT_PRODUCTS_DIR; };
		70EEE28A28B644FC0045E95C /* AppDelegate.swift */ = {isa = PBXFileReference; lastKnownFileType = sourcecode.swift; path = AppDelegate.swift; sourceTree = "<group>"; };
		70EEE28C28B644FC0045E95C /* SceneDelegate.swift */ = {isa = PBXFileReference; lastKnownFileType = sourcecode.swift; path = SceneDelegate.swift; sourceTree = "<group>"; };
		70EEE28E28B644FC0045E95C /* ViewController.swift */ = {isa = PBXFileReference; lastKnownFileType = sourcecode.swift; path = ViewController.swift; sourceTree = "<group>"; };
		70EEE29128B644FC0045E95C /* Base */ = {isa = PBXFileReference; lastKnownFileType = file.storyboard; name = Base; path = Base.lproj/Main.storyboard; sourceTree = "<group>"; };
		70EEE29328B644FE0045E95C /* Assets.xcassets */ = {isa = PBXFileReference; lastKnownFileType = folder.assetcatalog; path = Assets.xcassets; sourceTree = "<group>"; };
		70EEE29628B644FE0045E95C /* Base */ = {isa = PBXFileReference; lastKnownFileType = file.storyboard; name = Base; path = Base.lproj/LaunchScreen.storyboard; sourceTree = "<group>"; };
		70EEE29828B644FE0045E95C /* Info.plist */ = {isa = PBXFileReference; lastKnownFileType = text.plist.xml; path = Info.plist; sourceTree = "<group>"; };
		70EEE29F28B646510045E95C /* 2.jpg */ = {isa = PBXFileReference; lastKnownFileType = image.jpeg; path = 2.jpg; sourceTree = "<group>"; };
		70EEE2A028B646520045E95C /* 3.jpg */ = {isa = PBXFileReference; lastKnownFileType = image.jpeg; path = 3.jpg; sourceTree = "<group>"; };
		70EEE2A128B646520045E95C /* 1.jpg */ = {isa = PBXFileReference; lastKnownFileType = image.jpeg; path = 1.jpg; sourceTree = "<group>"; };
		70EEE2A228B646520045E95C /* 6.jpg */ = {isa = PBXFileReference; lastKnownFileType = image.jpeg; path = 6.jpg; sourceTree = "<group>"; };
		70EEE2A328B646520045E95C /* 7.jpg */ = {isa = PBXFileReference; lastKnownFileType = image.jpeg; path = 7.jpg; sourceTree = "<group>"; };
		70EEE2A428B646520045E95C /* 8.jpg */ = {isa = PBXFileReference; lastKnownFileType = image.jpeg; path = 8.jpg; sourceTree = "<group>"; };
		70EEE2A528B646520045E95C /* 9.jpg */ = {isa = PBXFileReference; lastKnownFileType = image.jpeg; path = 9.jpg; sourceTree = "<group>"; };
		70EEE2A628B646520045E95C /* 10.jpg */ = {isa = PBXFileReference; lastKnownFileType = image.jpeg; path = 10.jpg; sourceTree = "<group>"; };
/* End PBXFileReference section */

/* Begin PBXFrameworksBuildPhase section */
		70EEE28428B644FB0045E95C /* Frameworks */ = {
			isa = PBXFrameworksBuildPhase;
			buildActionMask = 2147483647;
			files = (
			);
			runOnlyForDeploymentPostprocessing = 0;
		};
/* End PBXFrameworksBuildPhase section */

/* Begin PBXGroup section */
		70EEE27E28B644FB0045E95C = {
			isa = PBXGroup;
			children = (
				70EEE28928B644FC0045E95C /* PageControl */,
				70EEE28828B644FC0045E95C /* Products */,
			);
			sourceTree = "<group>";
		};
		70EEE28828B644FC0045E95C /* Products */ = {
			isa = PBXGroup;
			children = (
				70EEE28728B644FC0045E95C /* PageControl.app */,
			);
			name = Products;
			sourceTree = "<group>";
		};
		70EEE28928B644FC0045E95C /* PageControl */ = {
			isa = PBXGroup;
			children = (
				70EEE29E28B645F50045E95C /* images */,
				70EEE28A28B644FC0045E95C /* AppDelegate.swift */,
				70EEE28C28B644FC0045E95C /* SceneDelegate.swift */,
				70EEE28E28B644FC0045E95C /* ViewController.swift */,
				70EEE29028B644FC0045E95C /* Main.storyboard */,
				70EEE29328B644FE0045E95C /* Assets.xcassets */,
				70EEE29528B644FE0045E95C /* LaunchScreen.storyboard */,
				70EEE29828B644FE0045E95C /* Info.plist */,
			);
			path = PageControl;
			sourceTree = "<group>";
		};
		70EEE29E28B645F50045E95C /* images */ = {
			isa = PBXGroup;
			children = (
				70EEE2A128B646520045E95C /* 1.jpg */,
				70EEE29F28B646510045E95C /* 2.jpg */,
				70EEE2A028B646520045E95C /* 3.jpg */,
				70EEE2A228B646520045E95C /* 6.jpg */,
				70EEE2A328B646520045E95C /* 7.jpg */,
				70EEE2A428B646520045E95C /* 8.jpg */,
				70EEE2A528B646520045E95C /* 9.jpg */,
				70EEE2A628B646520045E95C /* 10.jpg */,
			);
			path = images;
			sourceTree = "<group>";
		};
/* End PBXGroup section */

/* Begin PBXNativeTarget section */
		70EEE28628B644FB0045E95C /* PageControl */ = {
			isa = PBXNativeTarget;
			buildConfigurationList = 70EEE29B28B644FE0045E95C /* Build configuration list for PBXNativeTarget "PageControl" */;
			buildPhases = (
				70EEE28328B644FB0045E95C /* Sources */,
				70EEE28428B644FB0045E95C /* Frameworks */,
				70EEE28528B644FB0045E95C /* Resources */,
			);
			buildRules = (
			);
			dependencies = (
			);
			name = PageControl;
			productName = PageControl;
			productReference = 70EEE28728B644FC0045E95C /* PageControl.app */;
			productType = "com.apple.product-type.application";
		};
/* End PBXNativeTarget section */

/* Begin PBXProject section */
		70EEE27F28B644FB0045E95C /* Project object */ = {
			isa = PBXProject;
			attributes = {
				BuildIndependentTargetsInParallel = 1;
				LastSwiftUpdateCheck = 1340;
				LastUpgradeCheck = 1340;
				TargetAttributes = {
					70EEE28628B644FB0045E95C = {
						CreatedOnToolsVersion = 13.4;
					};
				};
			};
			buildConfigurationList = 70EEE28228B644FB0045E95C /* Build configuration list for PBXProject "PageControl" */;
			compatibilityVersion = "Xcode 13.0";
			developmentRegion = en;
			hasScannedForEncodings = 0;
			knownRegions = (
				en,
				Base,
			);
			mainGroup = 70EEE27E28B644FB0045E95C;
			productRefGroup = 70EEE28828B644FC0045E95C /* Products */;
			projectDirPath = "";
			projectRoot = "";
			targets = (
				70EEE28628B644FB0045E95C /* PageControl */,
			);
		};
/* End PBXProject section */

/* Begin PBXResourcesBuildPhase section */
		70EEE28528B644FB0045E95C /* Resources */ = {
			isa = PBXResourcesBuildPhase;
			buildActionMask = 2147483647;
			files = (
				70EEE2AA28B646520045E95C /* 6.jpg in Resources */,
				70EEE2A828B646520045E95C /* 3.jpg in Resources */,
				70EEE29728B644FE0045E95C /* LaunchScreen.storyboard in Resources */,
				70EEE2AE28B646520045E95C /* 10.jpg in Resources */,
				70EEE2AD28B646520045E95C /* 9.jpg in Resources */,
				70EEE2AC28B646520045E95C /* 8.jpg in Resources */,
				70EEE2AB28B646520045E95C /* 7.jpg in Resources */,
				70EEE29428B644FE0045E95C /* Assets.xcassets in Resources */,
				70EEE2A928B646520045E95C /* 1.jpg in Resources */,
				70EEE2A728B646520045E95C /* 2.jpg in Resources */,
				70EEE29228B644FC0045E95C /* Main.storyboard in Resources */,
			);
			runOnlyForDeploymentPostprocessing = 0;
		};
/* End PBXResourcesBuildPhase section */

/* Begin PBXSourcesBuildPhase section */
		70EEE28328B644FB0045E95C /* Sources */ = {
			isa = PBXSourcesBuildPhase;
			buildActionMask = 2147483647;
			files = (
				70EEE28F28B644FC0045E95C /* ViewController.swift in Sources */,
				70EEE28B28B644FC0045E95C /* AppDelegate.swift in Sources */,
				70EEE28D28B644FC0045E95C /* SceneDelegate.swift in Sources */,
			);
			runOnlyForDeploymentPostprocessing = 0;
		};
/* End PBXSourcesBuildPhase section */

/* Begin PBXVariantGroup section */
		70EEE29028B644FC0045E95C /* Main.storyboard */ = {
			isa = PBXVariantGroup;
			children = (
				70EEE29128B644FC0045E95C /* Base */,
			);
			name = Main.storyboard;
			sourceTree = "<group>";
		};
		70EEE29528B644FE0045E95C /* LaunchScreen.storyboard */ = {
			isa = PBXVariantGroup;
			children = (
				70EEE29628B644FE0045E95C /* Base */,
			);
			name = LaunchScreen.storyboard;
			sourceTree = "<group>";
		};
/* End PBXVariantGroup section */

/* Begin XCBuildConfiguration section */
		70EEE29928B644FE0045E95C /* Debug */ = {
			isa = XCBuildConfiguration;
			buildSettings = {
				ALWAYS_SEARCH_USER_PATHS = NO;
				CLANG_ANALYZER_NONNULL = YES;
				CLANG_ANALYZER_NUMBER_OBJECT_CONVERSION = YES_AGGRESSIVE;
				CLANG_CXX_LANGUAGE_STANDARD = "gnu++17";
				CLANG_ENABLE_MODULES = YES;
				CLANG_ENABLE_OBJC_ARC = YES;
				CLANG_ENABLE_OBJC_WEAK = YES;
				CLANG_WARN_BLOCK_CAPTURE_AUTORELEASING = YES;
				CLANG_WARN_BOOL_CONVERSION = YES;
				CLANG_WARN_COMMA = YES;
				CLANG_WARN_CONSTANT_CONVERSION = YES;
				CLANG_WARN_DEPRECATED_OBJC_IMPLEMENTATIONS = YES;
				CLANG_WARN_DIRECT_OBJC_ISA_USAGE = YES_ERROR;
				CLANG_WARN_DOCUMENTATION_COMMENTS = YES;
				CLANG_WARN_EMPTY_BODY = YES;
				CLANG_WARN_ENUM_CONVERSION = YES;
				CLANG_WARN_INFINITE_RECURSION = YES;
				CLANG_WARN_INT_CONVERSION = YES;
				CLANG_WARN_NON_LITERAL_NULL_CONVERSION = YES;
				CLANG_WARN_OBJC_IMPLICIT_RETAIN_SELF = YES;
				CLANG_WARN_OBJC_LITERAL_CONVERSION = YES;
				CLANG_WARN_OBJC_ROOT_CLASS = YES_ERROR;
				CLANG_WARN_QUOTED_INCLUDE_IN_FRAMEWORK_HEADER = YES;
				CLANG_WARN_RANGE_LOOP_ANALYSIS = YES;
				CLANG_WARN_STRICT_PROTOTYPES = YES;
				CLANG_WARN_SUSPICIOUS_MOVE = YES;
				CLANG_WARN_UNGUARDED_AVAILABILITY = YES_AGGRESSIVE;
				CLANG_WARN_UNREACHABLE_CODE = YES;
				CLANG_WARN__DUPLICATE_METHOD_MATCH = YES;
				COPY_PHASE_STRIP = NO;
				DEBUG_INFORMATION_FORMAT = dwarf;
				ENABLE_STRICT_OBJC_MSGSEND = YES;
				ENABLE_TESTABILITY = YES;
				GCC_C_LANGUAGE_STANDARD = gnu11;
				GCC_DYNAMIC_NO_PIC = NO;
				GCC_NO_COMMON_BLOCKS = YES;
				GCC_OPTIMIZATION_LEVEL = 0;
				GCC_PREPROCESSOR_DEFINITIONS = (
					"DEBUG=1",
					"$(inherited)",
				);
				GCC_WARN_64_TO_32_BIT_CONVERSION = YES;
				GCC_WARN_ABOUT_RETURN_TYPE = YES_ERROR;
				GCC_WARN_UNDECLARED_SELECTOR = YES;
				GCC_WARN_UNINITIALIZED_AUTOS = YES_AGGRESSIVE;
				GCC_WARN_UNUSED_FUNCTION = YES;
				GCC_WARN_UNUSED_VARIABLE = YES;
				IPHONEOS_DEPLOYMENT_TARGET = 15.5;
				MTL_ENABLE_DEBUG_INFO = INCLUDE_SOURCE;
				MTL_FAST_MATH = YES;
				ONLY_ACTIVE_ARCH = YES;
				SDKROOT = iphoneos;
				SWIFT_ACTIVE_COMPILATION_CONDITIONS = DEBUG;
				SWIFT_OPTIMIZATION_LEVEL = "-Onone";
			};
			name = Debug;
		};
		70EEE29A28B644FE0045E95C /* Release */ = {
			isa = XCBuildConfiguration;
			buildSettings = {
				ALWAYS_SEARCH_USER_PATHS = NO;
				CLANG_ANALYZER_NONNULL = YES;
				CLANG_ANALYZER_NUMBER_OBJECT_CONVERSION = YES_AGGRESSIVE;
				CLANG_CXX_LANGUAGE_STANDARD = "gnu++17";
				CLANG_ENABLE_MODULES = YES;
				CLANG_ENABLE_OBJC_ARC = YES;
				CLANG_ENABLE_OBJC_WEAK = YES;
				CLANG_WARN_BLOCK_CAPTURE_AUTORELEASING = YES;
				CLANG_WARN_BOOL_CONVERSION = YES;
				CLANG_WARN_COMMA = YES;
				CLANG_WARN_CONSTANT_CONVERSION = YES;
				CLANG_WARN_DEPRECATED_OBJC_IMPLEMENTATIONS = YES;
				CLANG_WARN_DIRECT_OBJC_ISA_USAGE = YES_ERROR;
				CLANG_WARN_DOCUMENTATION_COMMENTS = YES;
				CLANG_WARN_EMPTY_BODY = YES;
				CLANG_WARN_ENUM_CONVERSION = YES;
				CLANG_WARN_INFINITE_RECURSION = YES;
				CLANG_WARN_INT_CONVERSION = YES;
				CLANG_WARN_NON_LITERAL_NULL_CONVERSION = YES;
				CLANG_WARN_OBJC_IMPLICIT_RETAIN_SELF = YES;
				CLANG_WARN_OBJC_LITERAL_CONVERSION = YES;
				CLANG_WARN_OBJC_ROOT_CLASS = YES_ERROR;
				CLANG_WARN_QUOTED_INCLUDE_IN_FRAMEWORK_HEADER = YES;
				CLANG_WARN_RANGE_LOOP_ANALYSIS = YES;
				CLANG_WARN_STRICT_PROTOTYPES = YES;
				CLANG_WARN_SUSPICIOUS_MOVE = YES;
				CLANG_WARN_UNGUARDED_AVAILABILITY = YES_AGGRESSIVE;
				CLANG_WARN_UNREACHABLE_CODE = YES;
				CLANG_WARN__DUPLICATE_METHOD_MATCH = YES;
				COPY_PHASE_STRIP = NO;
				DEBUG_INFORMATION_FORMAT = "dwarf-with-dsym";
				ENABLE_NS_ASSERTIONS = NO;
				ENABLE_STRICT_OBJC_MSGSEND = YES;
				GCC_C_LANGUAGE_STANDARD = gnu11;
				GCC_NO_COMMON_BLOCKS = YES;
				GCC_WARN_64_TO_32_BIT_CONVERSION = YES;
				GCC_WARN_ABOUT_RETURN_TYPE = YES_ERROR;
				GCC_WARN_UNDECLARED_SELECTOR = YES;
				GCC_WARN_UNINITIALIZED_AUTOS = YES_AGGRESSIVE;
				GCC_WARN_UNUSED_FUNCTION = YES;
				GCC_WARN_UNUSED_VARIABLE = YES;
				IPHONEOS_DEPLOYMENT_TARGET = 15.5;
				MTL_ENABLE_DEBUG_INFO = NO;
				MTL_FAST_MATH = YES;
				SDKROOT = iphoneos;
				SWIFT_COMPILATION_MODE = wholemodule;
				SWIFT_OPTIMIZATION_LEVEL = "-O";
				VALIDATE_PRODUCT = YES;
			};
			name = Release;
		};
		70EEE29C28B644FE0045E95C /* Debug */ = {
			isa = XCBuildConfiguration;
			buildSettings = {
				ASSETCATALOG_COMPILER_APPICON_NAME = AppIcon;
				ASSETCATALOG_COMPILER_GLOBAL_ACCENT_COLOR_NAME = AccentColor;
				CODE_SIGN_STYLE = Automatic;
				CURRENT_PROJECT_VERSION = 1;
				GENERATE_INFOPLIST_FILE = YES;
				INFOPLIST_FILE = PageControl/Info.plist;
				INFOPLIST_KEY_UIApplicationSupportsIndirectInputEvents = YES;
				INFOPLIST_KEY_UILaunchStoryboardName = LaunchScreen;
				INFOPLIST_KEY_UIMainStoryboardFile = Main;
				INFOPLIST_KEY_UISupportedInterfaceOrientations_iPad = "UIInterfaceOrientationPortrait UIInterfaceOrientationPortraitUpsideDown UIInterfaceOrientationLandscapeLeft UIInterfaceOrientationLandscapeRight";
				INFOPLIST_KEY_UISupportedInterfaceOrientations_iPhone = "UIInterfaceOrientationPortrait UIInterfaceOrientationLandscapeLeft UIInterfaceOrientationLandscapeRight";
				LD_RUNPATH_SEARCH_PATHS = (
					"$(inherited)",
					"@executable_path/Frameworks",
				);
				MARKETING_VERSION = 1.0;
				PRODUCT_BUNDLE_IDENTIFIER = com.yourcompany.PageControl;
				PRODUCT_NAME = "$(TARGET_NAME)";
				SWIFT_EMIT_LOC_STRINGS = YES;
				SWIFT_VERSION = 5.0;
				TARGETED_DEVICE_FAMILY = "1,2";
			};
			name = Debug;
		};
		70EEE29D28B644FE0045E95C /* Release */ = {
			isa = XCBuildConfiguration;
			buildSettings = {
				ASSETCATALOG_COMPILER_APPICON_NAME = AppIcon;
				ASSETCATALOG_COMPILER_GLOBAL_ACCENT_COLOR_NAME = AccentColor;
				CODE_SIGN_STYLE = Automatic;
				CURRENT_PROJECT_VERSION = 1;
				GENERATE_INFOPLIST_FILE = YES;
				INFOPLIST_FILE = PageControl/Info.plist;
				INFOPLIST_KEY_UIApplicationSupportsIndirectInputEvents = YES;
				INFOPLIST_KEY_UILaunchStoryboardName = LaunchScreen;
				INFOPLIST_KEY_UIMainStoryboardFile = Main;
				INFOPLIST_KEY_UISupportedInterfaceOrientations_iPad = "UIInterfaceOrientationPortrait UIInterfaceOrientationPortraitUpsideDown UIInterfaceOrientationLandscapeLeft UIInterfaceOrientationLandscapeRight";
				INFOPLIST_KEY_UISupportedInterfaceOrientations_iPhone = "UIInterfaceOrientationPortrait UIInterfaceOrientationLandscapeLeft UIInterfaceOrientationLandscapeRight";
				LD_RUNPATH_SEARCH_PATHS = (
					"$(inherited)",
					"@executable_path/Frameworks",
				);
				MARKETING_VERSION = 1.0;
				PRODUCT_BUNDLE_IDENTIFIER = com.yourcompany.PageControl;
				PRODUCT_NAME = "$(TARGET_NAME)";
				SWIFT_EMIT_LOC_STRINGS = YES;
				SWIFT_VERSION = 5.0;
				TARGETED_DEVICE_FAMILY = "1,2";
			};
			name = Release;
		};
/* End XCBuildConfiguration section */

/* Begin XCConfigurationList section */
		70EEE28228B644FB0045E95C /* Build configuration list for PBXProject "PageControl" */ = {
			isa = XCConfigurationList;
			buildConfigurations = (
				70EEE29928B644FE0045E95C /* Debug */,
				70EEE29A28B644FE0045E95C /* Release */,
			);
			defaultConfigurationIsVisible = 0;
			defaultConfigurationName = Release;
		};
		70EEE29B28B644FE0045E95C /* Build configuration list for PBXNativeTarget "PageControl" */ = {
			isa = XCConfigurationList;
			buildConfigurations = (
				70EEE29C28B644FE0045E95C /* Debug */,
				70EEE29D28B644FE0045E95C /* Release */,
			);
			defaultConfigurationIsVisible = 0;
			defaultConfigurationName = Release;
		};
/* End XCConfigurationList section */
	};
	rootObject = 70EEE27F28B644FB0045E95C /* Project object */;
}
